
Microsoft Visual Studio Solution File, Format Version 12.00
# Visual Studio Version 16
VisualStudioVersion = 16.0.31005.135
MinimumVisualStudioVersion = 10.0.40219.1
Project("{FAE04EC0-301F-11D3-BF4B-00C04F79EFBC}") = "KonferansProje", "KonferansProje\KonferansProje.csproj", "{CBFAD302-4656-4AFB-B035-EF72B7D3757C}"
EndProject
Global
	GlobalSection(SolutionConfigurationPlatforms) = preSolution
		Debug|Any CPU = Debug|Any CPU
		Release|Any CPU = Release|Any CPU
	EndGlobalSection
	GlobalSection(ProjectConfigurationPlatforms) = postSolution
		{CBFAD302-4656-4AFB-B035-EF72B7D3757C}.Debug|Any CPU.ActiveCfg = Debug|Any CPU
		{CBFAD302-4656-4AFB-B035-EF72B7D3757C}.Debug|Any CPU.Build.0 = Debug|Any CPU
		{CBFAD302-4656-4AFB-B035-EF72B7D3757C}.Release|Any CPU.ActiveCfg = Release|Any CPU
		{CBFAD302-4656-4AFB-B035-EF72B7D3757C}.Release|Any CPU.Build.0 = Release|Any CPU
	EndGlobalSection
	GlobalSection(SolutionProperties) = preSolution
		HideSolutionNode = FALSE
	EndGlobalSection
	GlobalSection(ExtensibilityGlobals) = postSolution
		SolutionGuid = {09621569-0EBE-4CC3-B9CE-0265953BCEF8}
	EndGlobalSection
EndGlobal
